
Microsoft Visual Studio Solution File, Format Version 12.00
# Visual Studio Version 17
VisualStudioVersion = 17.8.34322.80
MinimumVisualStudioVersion = 10.0.40219.1
Project("{9A19103F-16F7-4668-BE54-9A1E7A4F7556}") = "MusteriProject", "MusteriProject\MusteriProject.csproj", "{77B0EB93-F8FD-48D9-AF24-ED6966B38909}"
EndProject
Global
	GlobalSection(SolutionConfigurationPlatforms) = preSolution
		Debug|Any CPU = Debug|Any CPU
		Release|Any CPU = Release|Any CPU
	EndGlobalSection
	GlobalSection(ProjectConfigurationPlatforms) = postSolution
		{77B0EB93-F8FD-48D9-AF24-ED6966B38909}.Debug|Any CPU.ActiveCfg = Debug|Any CPU
		{77B0EB93-F8FD-48D9-AF24-ED6966B38909}.Debug|Any CPU.Build.0 = Debug|Any CPU
		{77B0EB93-F8FD-48D9-AF24-ED6966B38909}.Release|Any CPU.ActiveCfg = Release|Any CPU
		{77B0EB93-F8FD-48D9-AF24-ED6966B38909}.Release|Any CPU.Build.0 = Release|Any CPU
	EndGlobalSection
	GlobalSection(SolutionProperties) = preSolution
		HideSolutionNode = FALSE
	EndGlobalSection
	GlobalSection(ExtensibilityGlobals) = postSolution
		SolutionGuid = {316FE274-423A-4419-A712-381DB06C4156}
	EndGlobalSection
EndGlobal
